dependencies:
  espressif/mdns:
    component_hash: 090826401d30f756037f91d91068f470ba8d0ef04fe507d3aa8761305cecd7ca
    source:
      service_url: https://api.components.espressif.com/
      type: service
    version: 1.2.3
  idf:
    component_hash: null
    source:
      type: idf
    version: 5.1.2
manifest_hash: d60f2b235810792e08c9dd64d1782b340b5ca37202dd90a5e54b35c2a1870bdc
target: esp32c3
version: 1.0.0
