{
  "name": "ESP32",
  "lockfileVersion": 3,
  "requires": true,
  "packages": {
    "": {
      "dependencies": {
        "esptool-js": "^0.4.5"
      }
    },
    "node_modules/atob-lite": {
      "version": "2.0.0",
      "resolved": "https://registry.npmjs.org/atob-lite/-/atob-lite-2.0.0.tgz",
      "integrity": "sha512-LEeSAWeh2Gfa2FtlQE1shxQ8zi5F9GHarrGKz08TMdODD5T4eH6BMsvtnhbWZ+XQn+Gb6om/917ucvRu7l7ukw=="
    },
    "node_modules/esptool-js": {
      "version": "0.4.5",
      "resolved": "https://registry.npmjs.org/esptool-js/-/esptool-js-0.4.5.tgz",
      "integrity": "sha512-ueydZt9LIsVCYtPt5q+y0ATnJJA3OflKMPDLUrIG95O5Vi3ZBt80lPh2hghGgSpMv+Whd79zcu4Ty67xFdzAyQ==",
      "dependencies": {
        "atob-lite": "^2.0.0",
        "pako": "^2.1.0",
        "tslib": "^2.4.1"
      }
    },
    "node_modules/pako": {
      "version": "2.1.0",
      "resolved": "https://registry.npmjs.org/pako/-/pako-2.1.0.tgz",
      "integrity": "sha512-w+eufiZ1WuJYgPXbV/PO3NCMEc3xqylkKHzp8bxp1uW4qaSNQUkwmLLEc3kKsfz8lpV1F8Ht3U1Cm+9Srog2ug=="
    },
    "node_modules/tslib": {
      "version": "2.6.3",
      "resolved": "https://registry.npmjs.org/tslib/-/tslib-2.6.3.tgz",
      "integrity": "sha512-xNvxJEOUiWPGhUuUdQgAJPKOOJfGnIyKySOc09XkKsgdUV/3E2zvwZYdejjmRgPCgcym1juLH3226yA7sEFJKQ=="
    }
  }
}
